<?xml version="1.0" encoding="utf-8"?>
<Project ToolsVersion="4.0" xmlns="http://schemas.microsoft.com/developer/msbuild/2003">
  <ItemGroup>
    <ClCompile Include="src\ets2-telemetry.cpp">
      <Filter>src</Filter>
    </ClCompile>
    <ClCompile Include="src\sharedmemory.cpp">
      <Filter>src</Filter>
    </ClCompile>
  </ItemGroup>
  <ItemGroup>
    <ClInclude Include="..\scs_sdk_1_1\include\scssdk_value.h">
      <Filter>sdk</Filter>
    </ClInclude>
    <ClInclude Include="..\scs_sdk_1_1\include\scssdk_telemetry.h">
      <Filter>sdk</Filter>
    </ClInclude>
    <ClInclude Include="..\scs_sdk_1_1\include\scssdk.h">
      <Filter>sdk</Filter>
    </ClInclude>
    <ClInclude Include="..\scs_sdk_1_1\include\scssdk_telemetry_channel.h">
      <Filter>sdk</Filter>
    </ClInclude>
    <ClInclude Include="..\scs_sdk_1_1\include\scssdk_telemetry_event.h">
      <Filter>sdk</Filter>
    </ClInclude>
    <ClInclude Include="..\scs_sdk_1_1\include\common\scssdk_telemetry_common_channels.h">
      <Filter>sdk\common</Filter>
    </ClInclude>
    <ClInclude Include="..\scs_sdk_1_1\include\common\scssdk_telemetry_common_configs.h">
      <Filter>sdk\common</Filter>
    </ClInclude>
    <ClInclude Include="..\scs_sdk_1_1\include\common\scssdk_telemetry_trailer_common_channels.h">
      <Filter>sdk\common</Filter>
    </ClInclude>
    <ClInclude Include="..\scs_sdk_1_1\include\common\scssdk_telemetry_truck_common_channels.h">
      <Filter>sdk\common</Filter>
    </ClInclude>
    <ClInclude Include="..\scs_sdk_1_1\include\eurotrucks2\scssdk_eut2.h">
      <Filter>sdk\eurotrucks2</Filter>
    </ClInclude>
    <ClInclude Include="..\scs_sdk_1_1\include\eurotrucks2\scssdk_telemetry_eut2.h">
      <Filter>sdk\eurotrucks2</Filter>
    </ClInclude>
    <ClInclude Include="inc\sharedmemory.hpp">
      <Filter>plugin</Filter>
    </ClInclude>
    <ClInclude Include="inc\ets2-telemetry-common.hpp">
      <Filter>plugin</Filter>
    </ClInclude>
  </ItemGroup>
  <ItemGroup>
    <Filter Include="sdk">
      <UniqueIdentifier>{eb1bb0db-ba8d-4111-8118-2d7b41536993}</UniqueIdentifier>
    </Filter>
    <Filter Include="sdk\eurotrucks2">
      <UniqueIdentifier>{12a0ba98-5f43-4efb-8ef6-63906e66722c}</UniqueIdentifier>
    </Filter>
    <Filter Include="sdk\common">
      <UniqueIdentifier>{1a3d240f-4849-4444-8bab-09f35d34aa94}</UniqueIdentifier>
    </Filter>
    <Filter Include="plugin">
      <UniqueIdentifier>{3ede2c49-4ebd-4829-8c12-4c02ff490176}</UniqueIdentifier>
    </Filter>
    <Filter Include="src">
      <UniqueIdentifier>{9a146ce2-59d7-47d2-bb4d-44f63e6e30ab}</UniqueIdentifier>
    </Filter>
  </ItemGroup>
</Project>